// !$*UTF8*$!
{
	archiveVersion = 1;
	classes = {
	};
	objectVersion = 50;
	objects = {

/* Begin PBXBuildFile section */
		F61B6D2F250D5D7700073270 /* LoginViewCoordinator.swift in Sources */ = {isa = PBXBuildFile; fileRef = F61B6D2E250D5D7700073270 /* LoginViewCoordinator.swift */; };
		F61B6D30250D5D7700073270 /* LoginViewCoordinator.swift in Sources */ = {isa = PBXBuildFile; fileRef = F61B6D2E250D5D7700073270 /* LoginViewCoordinator.swift */; };
		F61B6D32250D5FDA00073270 /* Coordinator.swift in Sources */ = {isa = PBXBuildFile; fileRef = F61B6D31250D5FDA00073270 /* Coordinator.swift */; };
		F61B6D33250D5FDA00073270 /* Coordinator.swift in Sources */ = {isa = PBXBuildFile; fileRef = F61B6D31250D5FDA00073270 /* Coordinator.swift */; };
		F61B6D36250D65D800073270 /* HomeViewCoordinator.swift in Sources */ = {isa = PBXBuildFile; fileRef = F61B6D35250D65D800073270 /* HomeViewCoordinator.swift */; };
		F61B6D37250D65D800073270 /* HomeViewCoordinator.swift in Sources */ = {isa = PBXBuildFile; fileRef = F61B6D35250D65D800073270 /* HomeViewCoordinator.swift */; };
		F61B6D3A250D69F100073270 /* LoginViewController.swift in Sources */ = {isa = PBXBuildFile; fileRef = F61B6D39250D69F100073270 /* LoginViewController.swift */; };
		F61B6D3D250D6AA500073270 /* LoginViewController.xib in Resources */ = {isa = PBXBuildFile; fileRef = F61B6D3C250D6AA500073270 /* LoginViewController.xib */; };
		F61B6D3F250D6DD100073270 /* UIKitHelpers.swift in Sources */ = {isa = PBXBuildFile; fileRef = F61B6D3E250D6DD100073270 /* UIKitHelpers.swift */; };
		F61B6D42250D70C000073270 /* LoginViewController.swift in Sources */ = {isa = PBXBuildFile; fileRef = F61B6D41250D70C000073270 /* LoginViewController.swift */; };
		F61B6D43250D71AA00073270 /* UIKitHelpers.swift in Sources */ = {isa = PBXBuildFile; fileRef = F61B6D3E250D6DD100073270 /* UIKitHelpers.swift */; };
		F61B6D4D250D916300073270 /* HomeViewModel.swift in Sources */ = {isa = PBXBuildFile; fileRef = F61B6D4C250D916300073270 /* HomeViewModel.swift */; };
		F61B6D4E250D916300073270 /* HomeViewModel.swift in Sources */ = {isa = PBXBuildFile; fileRef = F61B6D4C250D916300073270 /* HomeViewModel.swift */; };
		F61E1D322517677E00DD70AA /* CombineHelpers.swift in Sources */ = {isa = PBXBuildFile; fileRef = F61E1D312517677E00DD70AA /* CombineHelpers.swift */; };
		F61E1D332517677E00DD70AA /* CombineHelpers.swift in Sources */ = {isa = PBXBuildFile; fileRef = F61E1D312517677E00DD70AA /* CombineHelpers.swift */; };
		F61E1D492517E62C00DD70AA /* HomeViewController.xib in Resources */ = {isa = PBXBuildFile; fileRef = F61E1D482517E62C00DD70AA /* HomeViewController.xib */; };
		F61E1D4D2517E64600DD70AA /* HomeViewController.swift in Sources */ = {isa = PBXBuildFile; fileRef = F61E1D4C2517E64600DD70AA /* HomeViewController.swift */; };
		F64C4E3E250D246700A69FF9 /* AppDelegate.swift in Sources */ = {isa = PBXBuildFile; fileRef = F64C4E3D250D246700A69FF9 /* AppDelegate.swift */; };
		F64C4E42250D246700A69FF9 /* RootCoordinator.swift in Sources */ = {isa = PBXBuildFile; fileRef = F64C4E41250D246700A69FF9 /* RootCoordinator.swift */; };
		F64C4E47250D246C00A69FF9 /* Assets.xcassets in Resources */ = {isa = PBXBuildFile; fileRef = F64C4E46250D246C00A69FF9 /* Assets.xcassets */; };
		F64C4E4A250D246C00A69FF9 /* LaunchScreen.storyboard in Resources */ = {isa = PBXBuildFile; fileRef = F64C4E48250D246C00A69FF9 /* LaunchScreen.storyboard */; };
		F64C4E54250D276E00A69FF9 /* TransactionsService.swift in Sources */ = {isa = PBXBuildFile; fileRef = F64C4E53250D276E00A69FF9 /* TransactionsService.swift */; };
		F64C4E57250D27A800A69FF9 /* User.swift in Sources */ = {isa = PBXBuildFile; fileRef = F64C4E56250D27A800A69FF9 /* User.swift */; };
		F64C4E59250D27C800A69FF9 /* Transaction.swift in Sources */ = {isa = PBXBuildFile; fileRef = F64C4E58250D27C800A69FF9 /* Transaction.swift */; };
		F64C4E5D250D27FB00A69FF9 /* AuthService.swift in Sources */ = {isa = PBXBuildFile; fileRef = F64C4E5C250D27FB00A69FF9 /* AuthService.swift */; };
		F64C4E64250D2F9500A69FF9 /* AuthToken.swift in Sources */ = {isa = PBXBuildFile; fileRef = F64C4E63250D2F9500A69FF9 /* AuthToken.swift */; };
		F64C4E66250D2FC400A69FF9 /* UserService.swift in Sources */ = {isa = PBXBuildFile; fileRef = F64C4E65250D2FC400A69FF9 /* UserService.swift */; };
		F64C4E68250D326C00A69FF9 /* ServiceProtocols.swift in Sources */ = {isa = PBXBuildFile; fileRef = F64C4E67250D326C00A69FF9 /* ServiceProtocols.swift */; };
		F64C4E6B250D358700A69FF9 /* LoginStageContainer.swift in Sources */ = {isa = PBXBuildFile; fileRef = F64C4E6A250D358700A69FF9 /* LoginStageContainer.swift */; };
		F64C4E6D250D362800A69FF9 /* SessionStageContainer.swift in Sources */ = {isa = PBXBuildFile; fileRef = F64C4E6C250D362800A69FF9 /* SessionStageContainer.swift */; };
		F64C4E6F250D369500A69FF9 /* ContainerProtocols.swift in Sources */ = {isa = PBXBuildFile; fileRef = F64C4E6E250D369500A69FF9 /* ContainerProtocols.swift */; };
		F64C4E72250D3C9E00A69FF9 /* User.swift in Sources */ = {isa = PBXBuildFile; fileRef = F64C4E56250D27A800A69FF9 /* User.swift */; };
		F64C4E73250D3C9E00A69FF9 /* RootCoordinator.swift in Sources */ = {isa = PBXBuildFile; fileRef = F64C4E41250D246700A69FF9 /* RootCoordinator.swift */; };
		F64C4E75250D3C9E00A69FF9 /* ContainerProtocols.swift in Sources */ = {isa = PBXBuildFile; fileRef = F64C4E6E250D369500A69FF9 /* ContainerProtocols.swift */; };
		F64C4E76250D3C9E00A69FF9 /* TransactionsService.swift in Sources */ = {isa = PBXBuildFile; fileRef = F64C4E53250D276E00A69FF9 /* TransactionsService.swift */; };
		F64C4E77250D3C9E00A69FF9 /* AppDelegate.swift in Sources */ = {isa = PBXBuildFile; fileRef = F64C4E3D250D246700A69FF9 /* AppDelegate.swift */; };
		F64C4E78250D3C9E00A69FF9 /* Transaction.swift in Sources */ = {isa = PBXBuildFile; fileRef = F64C4E58250D27C800A69FF9 /* Transaction.swift */; };
		F64C4E79250D3C9E00A69FF9 /* UserService.swift in Sources */ = {isa = PBXBuildFile; fileRef = F64C4E65250D2FC400A69FF9 /* UserService.swift */; };
		F64C4E7A250D3C9E00A69FF9 /* AuthService.swift in Sources */ = {isa = PBXBuildFile; fileRef = F64C4E5C250D27FB00A69FF9 /* AuthService.swift */; };
		F64C4E7B250D3C9E00A69FF9 /* LoginStageContainer.swift in Sources */ = {isa = PBXBuildFile; fileRef = F64C4E6A250D358700A69FF9 /* LoginStageContainer.swift */; };
		F64C4E7C250D3C9E00A69FF9 /* ServiceProtocols.swift in Sources */ = {isa = PBXBuildFile; fileRef = F64C4E67250D326C00A69FF9 /* ServiceProtocols.swift */; };
		F64C4E7D250D3C9E00A69FF9 /* SessionStageContainer.swift in Sources */ = {isa = PBXBuildFile; fileRef = F64C4E6C250D362800A69FF9 /* SessionStageContainer.swift */; };
		F64C4E7F250D3C9E00A69FF9 /* AuthToken.swift in Sources */ = {isa = PBXBuildFile; fileRef = F64C4E63250D2F9500A69FF9 /* AuthToken.swift */; };
		F64C4E82250D3C9E00A69FF9 /* LaunchScreen.storyboard in Resources */ = {isa = PBXBuildFile; fileRef = F64C4E48250D246C00A69FF9 /* LaunchScreen.storyboard */; };
		F64C4E83250D3C9E00A69FF9 /* Assets.xcassets in Resources */ = {isa = PBXBuildFile; fileRef = F64C4E46250D246C00A69FF9 /* Assets.xcassets */; };
		F64C4E8E250D3F7600A69FF9 /* LoginViewModel.swift in Sources */ = {isa = PBXBuildFile; fileRef = F64C4E8D250D3F7600A69FF9 /* LoginViewModel.swift */; };
		F64C4E8F250D3F7600A69FF9 /* LoginViewModel.swift in Sources */ = {isa = PBXBuildFile; fileRef = F64C4E8D250D3F7600A69FF9 /* LoginViewModel.swift */; };
		F64C4E91250D431300A69FF9 /* Loadable.swift in Sources */ = {isa = PBXBuildFile; fileRef = F64C4E90250D431300A69FF9 /* Loadable.swift */; };
		F64C4E92250D431300A69FF9 /* Loadable.swift in Sources */ = {isa = PBXBuildFile; fileRef = F64C4E90250D431300A69FF9 /* Loadable.swift */; };
		F672E7A1251F4F8B00F87A2C /* Formatters.swift in Sources */ = {isa = PBXBuildFile; fileRef = F672E7A0251F4F8B00F87A2C /* Formatters.swift */; };
		F672E7A2251F4F8B00F87A2C /* Formatters.swift in Sources */ = {isa = PBXBuildFile; fileRef = F672E7A0251F4F8B00F87A2C /* Formatters.swift */; };
		F672E7A7251F566900F87A2C /* HomeViewController.swift in Sources */ = {isa = PBXBuildFile; fileRef = F672E7A6251F566900F87A2C /* HomeViewController.swift */; };
		F6C0F3542521130E003B3391 /* DetailsViewCoordinator.swift in Sources */ = {isa = PBXBuildFile; fileRef = F6C0F3532521130E003B3391 /* DetailsViewCoordinator.swift */; };
		F6C0F3552521130E003B3391 /* DetailsViewCoordinator.swift in Sources */ = {isa = PBXBuildFile; fileRef = F6C0F3532521130E003B3391 /* DetailsViewCoordinator.swift */; };
		F6C0F35B25211355003B3391 /* DetailsViewModel.swift in Sources */ = {isa = PBXBuildFile; fileRef = F6C0F35A25211355003B3391 /* DetailsViewModel.swift */; };
		F6C0F35C25211355003B3391 /* DetailsViewModel.swift in Sources */ = {isa = PBXBuildFile; fileRef = F6C0F35A25211355003B3391 /* DetailsViewModel.swift */; };
		F6C0F361252113F7003B3391 /* DetailsViewController.swift in Sources */ = {isa = PBXBuildFile; fileRef = F6C0F360252113F7003B3391 /* DetailsViewController.swift */; };
		F6C0F36525211410003B3391 /* DetailsViewController.xib in Resources */ = {isa = PBXBuildFile; fileRef = F6C0F36425211410003B3391 /* DetailsViewController.xib */; };
		F6C0F36C25213FF6003B3391 /* DetailsViewController.swift in Sources */ = {isa = PBXBuildFile; fileRef = F6C0F36B25213FF6003B3391 /* DetailsViewController.swift */; };
		F6D30F5525128CBA009ABC4E /* CancelBag.swift in Sources */ = {isa = PBXBuildFile; fileRef = F6D30F5425128CBA009ABC4E /* CancelBag.swift */; };
		F6D30F5625128CBA009ABC4E /* CancelBag.swift in Sources */ = {isa = PBXBuildFile; fileRef = F6D30F5425128CBA009ABC4E /* CancelBag.swift */; };
/* End PBXBuildFile section */

/* Begin PBXFileReference section */
		F61B6D2E250D5D7700073270 /* LoginViewCoordinator.swift */ = {isa = PBXFileReference; lastKnownFileType = sourcecode.swift; path = LoginViewCoordinator.swift; sourceTree = "<group>"; };
		F61B6D31250D5FDA00073270 /* Coordinator.swift */ = {isa = PBXFileReference; lastKnownFileType = sourcecode.swift; path = Coordinator.swift; sourceTree = "<group>"; };
		F61B6D35250D65D800073270 /* HomeViewCoordinator.swift */ = {isa = PBXFileReference; lastKnownFileType = sourcecode.swift; path = HomeViewCoordinator.swift; sourceTree = "<group>"; };
		F61B6D39250D69F100073270 /* LoginViewController.swift */ = {isa = PBXFileReference; lastKnownFileType = sourcecode.swift; path = LoginViewController.swift; sourceTree = "<group>"; };
		F61B6D3C250D6AA500073270 /* LoginViewController.xib */ = {isa = PBXFileReference; lastKnownFileType = file.xib; path = LoginViewController.xib; sourceTree = "<group>"; };
		F61B6D3E250D6DD100073270 /* UIKitHelpers.swift */ = {isa = PBXFileReference; lastKnownFileType = sourcecode.swift; path = UIKitHelpers.swift; sourceTree = "<group>"; };
		F61B6D41250D70C000073270 /* LoginViewController.swift */ = {isa = PBXFileReference; lastKnownFileType = sourcecode.swift; path = LoginViewController.swift; sourceTree = "<group>"; };
		F61B6D4C250D916300073270 /* HomeViewModel.swift */ = {isa = PBXFileReference; lastKnownFileType = sourcecode.swift; path = HomeViewModel.swift; sourceTree = "<group>"; };
		F61E1D312517677E00DD70AA /* CombineHelpers.swift */ = {isa = PBXFileReference; lastKnownFileType = sourcecode.swift; path = CombineHelpers.swift; sourceTree = "<group>"; };
		F61E1D482517E62C00DD70AA /* HomeViewController.xib */ = {isa = PBXFileReference; lastKnownFileType = file.xib; path = HomeViewController.xib; sourceTree = "<group>"; };
		F61E1D4C2517E64600DD70AA /* HomeViewController.swift */ = {isa = PBXFileReference; lastKnownFileType = sourcecode.swift; path = HomeViewController.swift; sourceTree = "<group>"; };
		F64C4E3A250D246700A69FF9 /* UIKitApp.app */ = {isa = PBXFileReference; explicitFileType = wrapper.application; includeInIndex = 0; path = UIKitApp.app; sourceTree = BUILT_PRODUCTS_DIR; };
		F64C4E3D250D246700A69FF9 /* AppDelegate.swift */ = {isa = PBXFileReference; lastKnownFileType = sourcecode.swift; path = AppDelegate.swift; sourceTree = "<group>"; };
		F64C4E41250D246700A69FF9 /* RootCoordinator.swift */ = {isa = PBXFileReference; lastKnownFileType = sourcecode.swift; path = RootCoordinator.swift; sourceTree = "<group>"; };
		F64C4E46250D246C00A69FF9 /* Assets.xcassets */ = {isa = PBXFileReference; lastKnownFileType = folder.assetcatalog; path = Assets.xcassets; sourceTree = "<group>"; };
		F64C4E49250D246C00A69FF9 /* Base */ = {isa = PBXFileReference; lastKnownFileType = file.storyboard; name = Base; path = Base.lproj/LaunchScreen.storyboard; sourceTree = "<group>"; };
		F64C4E4B250D246C00A69FF9 /* Info.plist */ = {isa = PBXFileReference; lastKnownFileType = text.plist.xml; path = Info.plist; sourceTree = "<group>"; };
		F64C4E53250D276E00A69FF9 /* TransactionsService.swift */ = {isa = PBXFileReference; lastKnownFileType = sourcecode.swift; path = TransactionsService.swift; sourceTree = "<group>"; };
		F64C4E56250D27A800A69FF9 /* User.swift */ = {isa = PBXFileReference; lastKnownFileType = sourcecode.swift; path = User.swift; sourceTree = "<group>"; };
		F64C4E58250D27C800A69FF9 /* Transaction.swift */ = {isa = PBXFileReference; lastKnownFileType = sourcecode.swift; path = Transaction.swift; sourceTree = "<group>"; };
		F64C4E5C250D27FB00A69FF9 /* AuthService.swift */ = {isa = PBXFileReference; lastKnownFileType = sourcecode.swift; path = AuthService.swift; sourceTree = "<group>"; };
		F64C4E63250D2F9500A69FF9 /* AuthToken.swift */ = {isa = PBXFileReference; lastKnownFileType = sourcecode.swift; path = AuthToken.swift; sourceTree = "<group>"; };
		F64C4E65250D2FC400A69FF9 /* UserService.swift */ = {isa = PBXFileReference; lastKnownFileType = sourcecode.swift; path = UserService.swift; sourceTree = "<group>"; };
		F64C4E67250D326C00A69FF9 /* ServiceProtocols.swift */ = {isa = PBXFileReference; lastKnownFileType = sourcecode.swift; path = ServiceProtocols.swift; sourceTree = "<group>"; };
		F64C4E6A250D358700A69FF9 /* LoginStageContainer.swift */ = {isa = PBXFileReference; lastKnownFileType = sourcecode.swift; path = LoginStageContainer.swift; sourceTree = "<group>"; };
		F64C4E6C250D362800A69FF9 /* SessionStageContainer.swift */ = {isa = PBXFileReference; lastKnownFileType = sourcecode.swift; path = SessionStageContainer.swift; sourceTree = "<group>"; };
		F64C4E6E250D369500A69FF9 /* ContainerProtocols.swift */ = {isa = PBXFileReference; lastKnownFileType = sourcecode.swift; path = ContainerProtocols.swift; sourceTree = "<group>"; };
		F64C4E87250D3C9E00A69FF9 /* SwiftUIApp.app */ = {isa = PBXFileReference; explicitFileType = wrapper.application; includeInIndex = 0; path = SwiftUIApp.app; sourceTree = BUILT_PRODUCTS_DIR; };
		F64C4E8D250D3F7600A69FF9 /* LoginViewModel.swift */ = {isa = PBXFileReference; lastKnownFileType = sourcecode.swift; path = LoginViewModel.swift; sourceTree = "<group>"; };
		F64C4E90250D431300A69FF9 /* Loadable.swift */ = {isa = PBXFileReference; lastKnownFileType = sourcecode.swift; path = Loadable.swift; sourceTree = "<group>"; };
		F672E7A0251F4F8B00F87A2C /* Formatters.swift */ = {isa = PBXFileReference; lastKnownFileType = sourcecode.swift; path = Formatters.swift; sourceTree = "<group>"; };
		F672E7A6251F566900F87A2C /* HomeViewController.swift */ = {isa = PBXFileReference; lastKnownFileType = sourcecode.swift; path = HomeViewController.swift; sourceTree = "<group>"; };
		F6C0F3532521130E003B3391 /* DetailsViewCoordinator.swift */ = {isa = PBXFileReference; lastKnownFileType = sourcecode.swift; path = DetailsViewCoordinator.swift; sourceTree = "<group>"; };
		F6C0F35A25211355003B3391 /* DetailsViewModel.swift */ = {isa = PBXFileReference; lastKnownFileType = sourcecode.swift; path = DetailsViewModel.swift; sourceTree = "<group>"; };
		F6C0F360252113F7003B3391 /* DetailsViewController.swift */ = {isa = PBXFileReference; lastKnownFileType = sourcecode.swift; path = DetailsViewController.swift; sourceTree = "<group>"; };
		F6C0F36425211410003B3391 /* DetailsViewController.xib */ = {isa = PBXFileReference; lastKnownFileType = file.xib; path = DetailsViewController.xib; sourceTree = "<group>"; };
		F6C0F36B25213FF6003B3391 /* DetailsViewController.swift */ = {isa = PBXFileReference; lastKnownFileType = sourcecode.swift; path = DetailsViewController.swift; sourceTree = "<group>"; };
		F6D30F5425128CBA009ABC4E /* CancelBag.swift */ = {isa = PBXFileReference; lastKnownFileType = sourcecode.swift; path = CancelBag.swift; sourceTree = "<group>"; };
/* End PBXFileReference section */

/* Begin PBXFrameworksBuildPhase section */
		F64C4E37250D246700A69FF9 /* Frameworks */ = {
			isa = PBXFrameworksBuildPhase;
			buildActionMask = 2147483647;
			files = (
			);
			runOnlyForDeploymentPostprocessing = 0;
		};
		F64C4E80250D3C9E00A69FF9 /* Frameworks */ = {
			isa = PBXFrameworksBuildPhase;
			buildActionMask = 2147483647;
			files = (
			);
			runOnlyForDeploymentPostprocessing = 0;
		};
/* End PBXFrameworksBuildPhase section */

/* Begin PBXGroup section */
		F61B6D34250D65BB00073270 /* Home */ = {
			isa = PBXGroup;
			children = (
				F61B6D35250D65D800073270 /* HomeViewCoordinator.swift */,
				F61B6D4C250D916300073270 /* HomeViewModel.swift */,
				F61E1D472517E5F900DD70AA /* UIKit */,
				F672E7A5251F563E00F87A2C /* SwiftUI */,
			);
			path = Home;
			sourceTree = "<group>";
		};
		F61B6D38250D69DB00073270 /* UIKit */ = {
			isa = PBXGroup;
			children = (
				F61B6D39250D69F100073270 /* LoginViewController.swift */,
				F61B6D3C250D6AA500073270 /* LoginViewController.xib */,
			);
			path = UIKit;
			sourceTree = "<group>";
		};
		F61B6D40250D70A400073270 /* SwiftUI */ = {
			isa = PBXGroup;
			children = (
				F61B6D41250D70C000073270 /* LoginViewController.swift */,
			);
			path = SwiftUI;
			sourceTree = "<group>";
		};
		F61E1D472517E5F900DD70AA /* UIKit */ = {
			isa = PBXGroup;
			children = (
				F61E1D4C2517E64600DD70AA /* HomeViewController.swift */,
				F61E1D482517E62C00DD70AA /* HomeViewController.xib */,
			);
			path = UIKit;
			sourceTree = "<group>";
		};
		F64C4E31250D246700A69FF9 = {
			isa = PBXGroup;
			children = (
				F64C4E3C250D246700A69FF9 /* UIKitToSwiftUI */,
				F64C4E3B250D246700A69FF9 /* Products */,
			);
			sourceTree = "<group>";
		};
		F64C4E3B250D246700A69FF9 /* Products */ = {
			isa = PBXGroup;
			children = (
				F64C4E3A250D246700A69FF9 /* UIKitApp.app */,
				F64C4E87250D3C9E00A69FF9 /* SwiftUIApp.app */,
			);
			name = Products;
			sourceTree = "<group>";
		};
		F64C4E3C250D246700A69FF9 /* UIKitToSwiftUI */ = {
			isa = PBXGroup;
			children = (
				F64C4E3D250D246700A69FF9 /* AppDelegate.swift */,
				F64C4E41250D246700A69FF9 /* RootCoordinator.swift */,
				F64C4E55250D277600A69FF9 /* DataModels */,
				F64C4E52250D270C00A69FF9 /* Services */,
				F64C4E69250D351000A69FF9 /* DIContainers */,
				F64C4E5E250D285400A69FF9 /* Utils */,
				F64C4E8B250D3F3B00A69FF9 /* Screens */,
				F64C4E51250D248900A69FF9 /* Assets */,
			);
			path = UIKitToSwiftUI;
			sourceTree = "<group>";
		};
		F64C4E51250D248900A69FF9 /* Assets */ = {
			isa = PBXGroup;
			children = (
				F64C4E46250D246C00A69FF9 /* Assets.xcassets */,
				F64C4E48250D246C00A69FF9 /* LaunchScreen.storyboard */,
				F64C4E4B250D246C00A69FF9 /* Info.plist */,
			);
			path = Assets;
			sourceTree = "<group>";
		};
		F64C4E52250D270C00A69FF9 /* Services */ = {
			isa = PBXGroup;
			children = (
				F64C4E67250D326C00A69FF9 /* ServiceProtocols.swift */,
				F64C4E5C250D27FB00A69FF9 /* AuthService.swift */,
				F64C4E65250D2FC400A69FF9 /* UserService.swift */,
				F64C4E53250D276E00A69FF9 /* TransactionsService.swift */,
			);
			path = Services;
			sourceTree = "<group>";
		};
		F64C4E55250D277600A69FF9 /* DataModels */ = {
			isa = PBXGroup;
			children = (
				F64C4E63250D2F9500A69FF9 /* AuthToken.swift */,
				F64C4E56250D27A800A69FF9 /* User.swift */,
				F64C4E58250D27C800A69FF9 /* Transaction.swift */,
			);
			path = DataModels;
			sourceTree = "<group>";
		};
		F64C4E5E250D285400A69FF9 /* Utils */ = {
			isa = PBXGroup;
			children = (
				F6D30F5425128CBA009ABC4E /* CancelBag.swift */,
				F64C4E90250D431300A69FF9 /* Loadable.swift */,
				F61B6D31250D5FDA00073270 /* Coordinator.swift */,
				F61E1D312517677E00DD70AA /* CombineHelpers.swift */,
				F61B6D3E250D6DD100073270 /* UIKitHelpers.swift */,
				F672E7A0251F4F8B00F87A2C /* Formatters.swift */,
			);
			path = Utils;
			sourceTree = "<group>";
		};
		F64C4E69250D351000A69FF9 /* DIContainers */ = {
			isa = PBXGroup;
			children = (
				F64C4E6E250D369500A69FF9 /* ContainerProtocols.swift */,
				F64C4E6A250D358700A69FF9 /* LoginStageContainer.swift */,
				F64C4E6C250D362800A69FF9 /* SessionStageContainer.swift */,
			);
			path = DIContainers;
			sourceTree = "<group>";
		};
		F64C4E8B250D3F3B00A69FF9 /* Screens */ = {
			isa = PBXGroup;
			children = (
				F64C4E8C250D3F4F00A69FF9 /* Login */,
				F61B6D34250D65BB00073270 /* Home */,
				F6C0F352252112D7003B3391 /* Details */,
			);
			path = Screens;
			sourceTree = "<group>";
		};
		F64C4E8C250D3F4F00A69FF9 /* Login */ = {
			isa = PBXGroup;
			children = (
				F61B6D2E250D5D7700073270 /* LoginViewCoordinator.swift */,
				F64C4E8D250D3F7600A69FF9 /* LoginViewModel.swift */,
				F61B6D40250D70A400073270 /* SwiftUI */,
				F61B6D38250D69DB00073270 /* UIKit */,
			);
			path = Login;
			sourceTree = "<group>";
		};
		F672E7A5251F563E00F87A2C /* SwiftUI */ = {
			isa = PBXGroup;
			children = (
				F672E7A6251F566900F87A2C /* HomeViewController.swift */,
			);
			path = SwiftUI;
			sourceTree = "<group>";
		};
		F6C0F352252112D7003B3391 /* Details */ = {
			isa = PBXGroup;
			children = (
				F6C0F3532521130E003B3391 /* DetailsViewCoordinator.swift */,
				F6C0F35A25211355003B3391 /* DetailsViewModel.swift */,
				F6C0F35F252113D2003B3391 /* UIKit */,
				F6C0F36A25213FA5003B3391 /* SwiftUI */,
			);
			path = Details;
			sourceTree = "<group>";
		};
		F6C0F35F252113D2003B3391 /* UIKit */ = {
			isa = PBXGroup;
			children = (
				F6C0F360252113F7003B3391 /* DetailsViewController.swift */,
				F6C0F36425211410003B3391 /* DetailsViewController.xib */,
			);
			path = UIKit;
			sourceTree = "<group>";
		};
		F6C0F36A25213FA5003B3391 /* SwiftUI */ = {
			isa = PBXGroup;
			children = (
				F6C0F36B25213FF6003B3391 /* DetailsViewController.swift */,
			);
			path = SwiftUI;
			sourceTree = "<group>";
		};
/* End PBXGroup section */

/* Begin PBXNativeTarget section */
		F64C4E39250D246700A69FF9 /* UIKitApp */ = {
			isa = PBXNativeTarget;
			buildConfigurationList = F64C4E4E250D246C00A69FF9 /* Build configuration list for PBXNativeTarget "UIKitApp" */;
			buildPhases = (
				F64C4E36250D246700A69FF9 /* Sources */,
				F64C4E37250D246700A69FF9 /* Frameworks */,
				F64C4E38250D246700A69FF9 /* Resources */,
			);
			buildRules = (
			);
			dependencies = (
			);
			name = UIKitApp;
			packageProductDependencies = (
			);
			productName = UIKitToSwiftUI;
			productReference = F64C4E3A250D246700A69FF9 /* UIKitApp.app */;
			productType = "com.apple.product-type.application";
		};
		F64C4E70250D3C9E00A69FF9 /* SwiftUIApp */ = {
			isa = PBXNativeTarget;
			buildConfigurationList = F64C4E84250D3C9E00A69FF9 /* Build configuration list for PBXNativeTarget "SwiftUIApp" */;
			buildPhases = (
				F64C4E71250D3C9E00A69FF9 /* Sources */,
				F64C4E80250D3C9E00A69FF9 /* Frameworks */,
				F64C4E81250D3C9E00A69FF9 /* Resources */,
			);
			buildRules = (
			);
			dependencies = (
			);
			name = SwiftUIApp;
			productName = UIKitToSwiftUI;
			productReference = F64C4E87250D3C9E00A69FF9 /* SwiftUIApp.app */;
			productType = "com.apple.product-type.application";
		};
/* End PBXNativeTarget section */

/* Begin PBXProject section */
		F64C4E32250D246700A69FF9 /* Project object */ = {
			isa = PBXProject;
			attributes = {
				LastSwiftUpdateCheck = 1170;
				LastUpgradeCheck = 1200;
				ORGANIZATIONNAME = "Alexey Naumov";
				TargetAttributes = {
					F64C4E39250D246700A69FF9 = {
						CreatedOnToolsVersion = 11.7;
					};
				};
			};
			buildConfigurationList = F64C4E35250D246700A69FF9 /* Build configuration list for PBXProject "UIKitToSwiftUI" */;
			compatibilityVersion = "Xcode 9.3";
			developmentRegion = en;
			hasScannedForEncodings = 0;
			knownRegions = (
				en,
				Base,
			);
			mainGroup = F64C4E31250D246700A69FF9;
			packageReferences = (
			);
			productRefGroup = F64C4E3B250D246700A69FF9 /* Products */;
			projectDirPath = "";
			projectRoot = "";
			targets = (
				F64C4E39250D246700A69FF9 /* UIKitApp */,
				F64C4E70250D3C9E00A69FF9 /* SwiftUIApp */,
			);
		};
/* End PBXProject section */

/* Begin PBXResourcesBuildPhase section */
		F64C4E38250D246700A69FF9 /* Resources */ = {
			isa = PBXResourcesBuildPhase;
			buildActionMask = 2147483647;
			files = (
				F64C4E4A250D246C00A69FF9 /* LaunchScreen.storyboard in Resources */,
				F64C4E47250D246C00A69FF9 /* Assets.xcassets in Resources */,
				F6C0F36525211410003B3391 /* DetailsViewController.xib in Resources */,
				F61B6D3D250D6AA500073270 /* LoginViewController.xib in Resources */,
				F61E1D492517E62C00DD70AA /* HomeViewController.xib in Resources */,
			);
			runOnlyForDeploymentPostprocessing = 0;
		};
		F64C4E81250D3C9E00A69FF9 /* Resources */ = {
			isa = PBXResourcesBuildPhase;
			buildActionMask = 2147483647;
			files = (
				F64C4E82250D3C9E00A69FF9 /* LaunchScreen.storyboard in Resources */,
				F64C4E83250D3C9E00A69FF9 /* Assets.xcassets in Resources */,
			);
			runOnlyForDeploymentPostprocessing = 0;
		};
/* End PBXResourcesBuildPhase section */

/* Begin PBXSourcesBuildPhase section */
		F64C4E36250D246700A69FF9 /* Sources */ = {
			isa = PBXSourcesBuildPhase;
			buildActionMask = 2147483647;
			files = (
				F64C4E57250D27A800A69FF9 /* User.swift in Sources */,
				F61B6D4D250D916300073270 /* HomeViewModel.swift in Sources */,
				F672E7A1251F4F8B00F87A2C /* Formatters.swift in Sources */,
				F64C4E42250D246700A69FF9 /* RootCoordinator.swift in Sources */,
				F64C4E6F250D369500A69FF9 /* ContainerProtocols.swift in Sources */,
				F64C4E54250D276E00A69FF9 /* TransactionsService.swift in Sources */,
				F64C4E3E250D246700A69FF9 /* AppDelegate.swift in Sources */,
				F64C4E59250D27C800A69FF9 /* Transaction.swift in Sources */,
				F64C4E66250D2FC400A69FF9 /* UserService.swift in Sources */,
				F6D30F5525128CBA009ABC4E /* CancelBag.swift in Sources */,
				F6C0F361252113F7003B3391 /* DetailsViewController.swift in Sources */,
				F61B6D3A250D69F100073270 /* LoginViewController.swift in Sources */,
				F61E1D4D2517E64600DD70AA /* HomeViewController.swift in Sources */,
				F61B6D32250D5FDA00073270 /* Coordinator.swift in Sources */,
				F64C4E8E250D3F7600A69FF9 /* LoginViewModel.swift in Sources */,
				F64C4E5D250D27FB00A69FF9 /* AuthService.swift in Sources */,
				F61E1D322517677E00DD70AA /* CombineHelpers.swift in Sources */,
				F61B6D2F250D5D7700073270 /* LoginViewCoordinator.swift in Sources */,
				F64C4E6B250D358700A69FF9 /* LoginStageContainer.swift in Sources */,
				F61B6D36250D65D800073270 /* HomeViewCoordinator.swift in Sources */,
				F64C4E68250D326C00A69FF9 /* ServiceProtocols.swift in Sources */,
				F64C4E6D250D362800A69FF9 /* SessionStageContainer.swift in Sources */,
				F6C0F3542521130E003B3391 /* DetailsViewCoordinator.swift in Sources */,
				F61B6D3F250D6DD100073270 /* UIKitHelpers.swift in Sources */,
				F64C4E91250D431300A69FF9 /* Loadable.swift in Sources */,
				F64C4E64250D2F9500A69FF9 /* AuthToken.swift in Sources */,
				F6C0F35B25211355003B3391 /* DetailsViewModel.swift in Sources */,
			);
			runOnlyForDeploymentPostprocessing = 0;
		};
		F64C4E71250D3C9E00A69FF9 /* Sources */ = {
			isa = PBXSourcesBuildPhase;
			buildActionMask = 2147483647;
			files = (
				F672E7A7251F566900F87A2C /* HomeViewController.swift in Sources */,
				F61E1D332517677E00DD70AA /* CombineHelpers.swift in Sources */,
				F6C0F36C25213FF6003B3391 /* DetailsViewController.swift in Sources */,
				F6D30F5625128CBA009ABC4E /* CancelBag.swift in Sources */,
				F64C4E72250D3C9E00A69FF9 /* User.swift in Sources */,
				F64C4E73250D3C9E00A69FF9 /* RootCoordinator.swift in Sources */,
				F64C4E75250D3C9E00A69FF9 /* ContainerProtocols.swift in Sources */,
				F64C4E76250D3C9E00A69FF9 /* TransactionsService.swift in Sources */,
				F64C4E77250D3C9E00A69FF9 /* AppDelegate.swift in Sources */,
				F61B6D4E250D916300073270 /* HomeViewModel.swift in Sources */,
				F64C4E78250D3C9E00A69FF9 /* Transaction.swift in Sources */,
				F64C4E79250D3C9E00A69FF9 /* UserService.swift in Sources */,
				F61B6D42250D70C000073270 /* LoginViewController.swift in Sources */,
				F61B6D33250D5FDA00073270 /* Coordinator.swift in Sources */,
				F64C4E8F250D3F7600A69FF9 /* LoginViewModel.swift in Sources */,
				F64C4E7A250D3C9E00A69FF9 /* AuthService.swift in Sources */,
				F61B6D30250D5D7700073270 /* LoginViewCoordinator.swift in Sources */,
				F64C4E7B250D3C9E00A69FF9 /* LoginStageContainer.swift in Sources */,
				F61B6D37250D65D800073270 /* HomeViewCoordinator.swift in Sources */,
				F672E7A2251F4F8B00F87A2C /* Formatters.swift in Sources */,
				F64C4E7C250D3C9E00A69FF9 /* ServiceProtocols.swift in Sources */,
				F64C4E7D250D3C9E00A69FF9 /* SessionStageContainer.swift in Sources */,
				F6C0F3552521130E003B3391 /* DetailsViewCoordinator.swift in Sources */,
				F61B6D43250D71AA00073270 /* UIKitHelpers.swift in Sources */,
				F64C4E92250D431300A69FF9 /* Loadable.swift in Sources */,
				F64C4E7F250D3C9E00A69FF9 /* AuthToken.swift in Sources */,
				F6C0F35C25211355003B3391 /* DetailsViewModel.swift in Sources */,
			);
			runOnlyForDeploymentPostprocessing = 0;
		};
/* End PBXSourcesBuildPhase section */

/* Begin PBXVariantGroup section */
		F64C4E48250D246C00A69FF9 /* LaunchScreen.storyboard */ = {
			isa = PBXVariantGroup;
			children = (
				F64C4E49250D246C00A69FF9 /* Base */,
			);
			name = LaunchScreen.storyboard;
			sourceTree = "<group>";
		};
/* End PBXVariantGroup section */

/* Begin XCBuildConfiguration section */
		F64C4E4C250D246C00A69FF9 /* Debug */ = {
			isa = XCBuildConfiguration;
			buildSettings = {
				ALWAYS_SEARCH_USER_PATHS = NO;
				CLANG_ANALYZER_NONNULL = YES;
				CLANG_ANALYZER_NUMBER_OBJECT_CONVERSION = YES_AGGRESSIVE;
				CLANG_CXX_LANGUAGE_STANDARD = "gnu++14";
				CLANG_CXX_LIBRARY = "libc++";
				CLANG_ENABLE_MODULES = YES;
				CLANG_ENABLE_OBJC_ARC = YES;
				CLANG_ENABLE_OBJC_WEAK = YES;
				CLANG_WARN_BLOCK_CAPTURE_AUTORELEASING = YES;
				CLANG_WARN_BOOL_CONVERSION = YES;
				CLANG_WARN_COMMA = YES;
				CLANG_WARN_CONSTANT_CONVERSION = YES;
				CLANG_WARN_DEPRECATED_OBJC_IMPLEMENTATIONS = YES;
				CLANG_WARN_DIRECT_OBJC_ISA_USAGE = YES_ERROR;
				CLANG_WARN_DOCUMENTATION_COMMENTS = YES;
				CLANG_WARN_EMPTY_BODY = YES;
				CLANG_WARN_ENUM_CONVERSION = YES;
				CLANG_WARN_INFINITE_RECURSION = YES;
				CLANG_WARN_INT_CONVERSION = YES;
				CLANG_WARN_NON_LITERAL_NULL_CONVERSION = YES;
				CLANG_WARN_OBJC_IMPLICIT_RETAIN_SELF = YES;
				CLANG_WARN_OBJC_LITERAL_CONVERSION = YES;
				CLANG_WARN_OBJC_ROOT_CLASS = YES_ERROR;
				CLANG_WARN_QUOTED_INCLUDE_IN_FRAMEWORK_HEADER = YES;
				CLANG_WARN_RANGE_LOOP_ANALYSIS = YES;
				CLANG_WARN_STRICT_PROTOTYPES = YES;
				CLANG_WARN_SUSPICIOUS_MOVE = YES;
				CLANG_WARN_UNGUARDED_AVAILABILITY = YES_AGGRESSIVE;
				CLANG_WARN_UNREACHABLE_CODE = YES;
				CLANG_WARN__DUPLICATE_METHOD_MATCH = YES;
				COPY_PHASE_STRIP = NO;
				DEBUG_INFORMATION_FORMAT = dwarf;
				ENABLE_STRICT_OBJC_MSGSEND = YES;
				ENABLE_TESTABILITY = YES;
				GCC_C_LANGUAGE_STANDARD = gnu11;
				GCC_DYNAMIC_NO_PIC = NO;
				GCC_NO_COMMON_BLOCKS = YES;
				GCC_OPTIMIZATION_LEVEL = 0;
				GCC_PREPROCESSOR_DEFINITIONS = (
					"DEBUG=1",
					"$(inherited)",
				);
				GCC_WARN_64_TO_32_BIT_CONVERSION = YES;
				GCC_WARN_ABOUT_RETURN_TYPE = YES_ERROR;
				GCC_WARN_UNDECLARED_SELECTOR = YES;
				GCC_WARN_UNINITIALIZED_AUTOS = YES_AGGRESSIVE;
				GCC_WARN_UNUSED_FUNCTION = YES;
				GCC_WARN_UNUSED_VARIABLE = YES;
				IPHONEOS_DEPLOYMENT_TARGET = 13.7;
				MTL_ENABLE_DEBUG_INFO = INCLUDE_SOURCE;
				MTL_FAST_MATH = YES;
				ONLY_ACTIVE_ARCH = YES;
				SDKROOT = iphoneos;
				SWIFT_ACTIVE_COMPILATION_CONDITIONS = DEBUG;
				SWIFT_OPTIMIZATION_LEVEL = "-Onone";
			};
			name = Debug;
		};
		F64C4E4D250D246C00A69FF9 /* Release */ = {
			isa = XCBuildConfiguration;
			buildSettings = {
				ALWAYS_SEARCH_USER_PATHS = NO;
				CLANG_ANALYZER_NONNULL = YES;
				CLANG_ANALYZER_NUMBER_OBJECT_CONVERSION = YES_AGGRESSIVE;
				CLANG_CXX_LANGUAGE_STANDARD = "gnu++14";
				CLANG_CXX_LIBRARY = "libc++";
				CLANG_ENABLE_MODULES = YES;
				CLANG_ENABLE_OBJC_ARC = YES;
				CLANG_ENABLE_OBJC_WEAK = YES;
				CLANG_WARN_BLOCK_CAPTURE_AUTORELEASING = YES;
				CLANG_WARN_BOOL_CONVERSION = YES;
				CLANG_WARN_COMMA = YES;
				CLANG_WARN_CONSTANT_CONVERSION = YES;
				CLANG_WARN_DEPRECATED_OBJC_IMPLEMENTATIONS = YES;
				CLANG_WARN_DIRECT_OBJC_ISA_USAGE = YES_ERROR;
				CLANG_WARN_DOCUMENTATION_COMMENTS = YES;
				CLANG_WARN_EMPTY_BODY = YES;
				CLANG_WARN_ENUM_CONVERSION = YES;
				CLANG_WARN_INFINITE_RECURSION = YES;
				CLANG_WARN_INT_CONVERSION = YES;
				CLANG_WARN_NON_LITERAL_NULL_CONVERSION = YES;
				CLANG_WARN_OBJC_IMPLICIT_RETAIN_SELF = YES;
				CLANG_WARN_OBJC_LITERAL_CONVERSION = YES;
				CLANG_WARN_OBJC_ROOT_CLASS = YES_ERROR;
				CLANG_WARN_QUOTED_INCLUDE_IN_FRAMEWORK_HEADER = YES;
				CLANG_WARN_RANGE_LOOP_ANALYSIS = YES;
				CLANG_WARN_STRICT_PROTOTYPES = YES;
				CLANG_WARN_SUSPICIOUS_MOVE = YES;
				CLANG_WARN_UNGUARDED_AVAILABILITY = YES_AGGRESSIVE;
				CLANG_WARN_UNREACHABLE_CODE = YES;
				CLANG_WARN__DUPLICATE_METHOD_MATCH = YES;
				COPY_PHASE_STRIP = NO;
				DEBUG_INFORMATION_FORMAT = "dwarf-with-dsym";
				ENABLE_NS_ASSERTIONS = NO;
				ENABLE_STRICT_OBJC_MSGSEND = YES;
				GCC_C_LANGUAGE_STANDARD = gnu11;
				GCC_NO_COMMON_BLOCKS = YES;
				GCC_WARN_64_TO_32_BIT_CONVERSION = YES;
				GCC_WARN_ABOUT_RETURN_TYPE = YES_ERROR;
				GCC_WARN_UNDECLARED_SELECTOR = YES;
				GCC_WARN_UNINITIALIZED_AUTOS = YES_AGGRESSIVE;
				GCC_WARN_UNUSED_FUNCTION = YES;
				GCC_WARN_UNUSED_VARIABLE = YES;
				IPHONEOS_DEPLOYMENT_TARGET = 13.7;
				MTL_ENABLE_DEBUG_INFO = NO;
				MTL_FAST_MATH = YES;
				SDKROOT = iphoneos;
				SWIFT_COMPILATION_MODE = wholemodule;
				SWIFT_OPTIMIZATION_LEVEL = "-O";
				VALIDATE_PRODUCT = YES;
			};
			name = Release;
		};
		F64C4E4F250D246C00A69FF9 /* Debug */ = {
			isa = XCBuildConfiguration;
			buildSettings = {
				ASSETCATALOG_COMPILER_APPICON_NAME = AppIcon;
				CODE_SIGN_STYLE = Automatic;
				INFOPLIST_FILE = UIKitToSwiftUI/Assets/Info.plist;
				IPHONEOS_DEPLOYMENT_TARGET = 13.0;
				LD_RUNPATH_SEARCH_PATHS = (
					"$(inherited)",
					"@executable_path/Frameworks",
				);
				PRODUCT_BUNDLE_IDENTIFIER = com.uikit.to.swiftui;
				PRODUCT_NAME = "$(TARGET_NAME)";
				SWIFT_VERSION = 5.0;
				TARGETED_DEVICE_FAMILY = "1,2";
			};
			name = Debug;
		};
		F64C4E50250D246C00A69FF9 /* Release */ = {
			isa = XCBuildConfiguration;
			buildSettings = {
				ASSETCATALOG_COMPILER_APPICON_NAME = AppIcon;
				CODE_SIGN_STYLE = Automatic;
				INFOPLIST_FILE = UIKitToSwiftUI/Assets/Info.plist;
				IPHONEOS_DEPLOYMENT_TARGET = 13.0;
				LD_RUNPATH_SEARCH_PATHS = (
					"$(inherited)",
					"@executable_path/Frameworks",
				);
				PRODUCT_BUNDLE_IDENTIFIER = com.uikit.to.swiftui;
				PRODUCT_NAME = "$(TARGET_NAME)";
				SWIFT_VERSION = 5.0;
				TARGETED_DEVICE_FAMILY = "1,2";
			};
			name = Release;
		};
		F64C4E85250D3C9E00A69FF9 /* Debug */ = {
			isa = XCBuildConfiguration;
			buildSettings = {
				ASSETCATALOG_COMPILER_APPICON_NAME = AppIcon;
				CODE_SIGN_STYLE = Automatic;
				INFOPLIST_FILE = UIKitToSwiftUI/Assets/Info.plist;
				IPHONEOS_DEPLOYMENT_TARGET = 14.0;
				LD_RUNPATH_SEARCH_PATHS = (
					"$(inherited)",
					"@executable_path/Frameworks",
				);
				PRODUCT_BUNDLE_IDENTIFIER = com.uikit.to.swiftui;
				PRODUCT_NAME = "$(TARGET_NAME)";
				SWIFT_VERSION = 5.0;
				TARGETED_DEVICE_FAMILY = "1,2";
			};
			name = Debug;
		};
		F64C4E86250D3C9E00A69FF9 /* Release */ = {
			isa = XCBuildConfiguration;
			buildSettings = {
				ASSETCATALOG_COMPILER_APPICON_NAME = AppIcon;
				CODE_SIGN_STYLE = Automatic;
				INFOPLIST_FILE = UIKitToSwiftUI/Assets/Info.plist;
				IPHONEOS_DEPLOYMENT_TARGET = 14.0;
				LD_RUNPATH_SEARCH_PATHS = (
					"$(inherited)",
					"@executable_path/Frameworks",
				);
				PRODUCT_BUNDLE_IDENTIFIER = com.uikit.to.swiftui;
				PRODUCT_NAME = "$(TARGET_NAME)";
				SWIFT_VERSION = 5.0;
				TARGETED_DEVICE_FAMILY = "1,2";
			};
			name = Release;
		};
/* End XCBuildConfiguration section */

/* Begin XCConfigurationList section */
		F64C4E35250D246700A69FF9 /* Build configuration list for PBXProject "UIKitToSwiftUI" */ = {
			isa = XCConfigurationList;
			buildConfigurations = (
				F64C4E4C250D246C00A69FF9 /* Debug */,
				F64C4E4D250D246C00A69FF9 /* Release */,
			);
			defaultConfigurationIsVisible = 0;
			defaultConfigurationName = Release;
		};
		F64C4E4E250D246C00A69FF9 /* Build configuration list for PBXNativeTarget "UIKitApp" */ = {
			isa = XCConfigurationList;
			buildConfigurations = (
				F64C4E4F250D246C00A69FF9 /* Debug */,
				F64C4E50250D246C00A69FF9 /* Release */,
			);
			defaultConfigurationIsVisible = 0;
			defaultConfigurationName = Release;
		};
		F64C4E84250D3C9E00A69FF9 /* Build configuration list for PBXNativeTarget "SwiftUIApp" */ = {
			isa = XCConfigurationList;
			buildConfigurations = (
				F64C4E85250D3C9E00A69FF9 /* Debug */,
				F64C4E86250D3C9E00A69FF9 /* Release */,
			);
			defaultConfigurationIsVisible = 0;
			defaultConfigurationName = Release;
		};
/* End XCConfigurationList section */
	};
	rootObject = F64C4E32250D246700A69FF9 /* Project object */;
}
